// !$*UTF8*$!
{
	archiveVersion = 1;
	classes = {
	};
	objectVersion = 50;
	objects = {

/* Begin PBXBuildFile section */
		18DCB1B21BD19D60C4C9C187 /* Pods_DependenciesCocoaPods.framework in Frameworks */ = {isa = PBXBuildFile; fileRef = 0945DFCCE4DA7E1E5BF2A426 /* Pods_DependenciesCocoaPods.framework */; };
		91CDCE2126934A6700F9F293 /* AppDelegate.swift in Sources */ = {isa = PBXBuildFile; fileRef = 91CDCE2026934A6700F9F293 /* AppDelegate.swift */; };
		91CDCE2326934A6700F9F293 /* SceneDelegate.swift in Sources */ = {isa = PBXBuildFile; fileRef = 91CDCE2226934A6700F9F293 /* SceneDelegate.swift */; };
		91CDCE2526934A6700F9F293 /* ViewController.swift in Sources */ = {isa = PBXBuildFile; fileRef = 91CDCE2426934A6700F9F293 /* ViewController.swift */; };
		91CDCE2826934A6700F9F293 /* Main.storyboard in Resources */ = {isa = PBXBuildFile; fileRef = 91CDCE2626934A6700F9F293 /* Main.storyboard */; };
		91CDCE2A26934A6700F9F293 /* Assets.xcassets in Resources */ = {isa = PBXBuildFile; fileRef = 91CDCE2926934A6700F9F293 /* Assets.xcassets */; };
		91CDCE2D26934A6700F9F293 /* LaunchScreen.storyboard in Resources */ = {isa = PBXBuildFile; fileRef = 91CDCE2B26934A6700F9F293 /* LaunchScreen.storyboard */; };
/* End PBXBuildFile section */

/* Begin PBXFileReference section */
		0945DFCCE4DA7E1E5BF2A426 /* Pods_DependenciesCocoaPods.framework */ = {isa = PBXFileReference; explicitFileType = wrapper.framework; includeInIndex = 0; path = Pods_DependenciesCocoaPods.framework; sourceTree = BUILT_PRODUCTS_DIR; };
		2048AA29862CAF3F401651F4 /* Pods-DependenciesCocoaPods.release.xcconfig */ = {isa = PBXFileReference; includeInIndex = 1; lastKnownFileType = text.xcconfig; name = "Pods-DependenciesCocoaPods.release.xcconfig"; path = "Target Support Files/Pods-DependenciesCocoaPods/Pods-DependenciesCocoaPods.release.xcconfig"; sourceTree = "<group>"; };
		91CDCE1D26934A6700F9F293 /* DependenciesCocoaPods.app */ = {isa = PBXFileReference; explicitFileType = wrapper.application; includeInIndex = 0; path = DependenciesCocoaPods.app; sourceTree = BUILT_PRODUCTS_DIR; };
		91CDCE2026934A6700F9F293 /* AppDelegate.swift */ = {isa = PBXFileReference; lastKnownFileType = sourcecode.swift; path = AppDelegate.swift; sourceTree = "<group>"; };
		91CDCE2226934A6700F9F293 /* SceneDelegate.swift */ = {isa = PBXFileReference; lastKnownFileType = sourcecode.swift; path = SceneDelegate.swift; sourceTree = "<group>"; };
		91CDCE2426934A6700F9F293 /* ViewController.swift */ = {isa = PBXFileReference; lastKnownFileType = sourcecode.swift; path = ViewController.swift; sourceTree = "<group>"; };
		91CDCE2726934A6700F9F293 /* Base */ = {isa = PBXFileReference; lastKnownFileType = file.storyboard; name = Base; path = Base.lproj/Main.storyboard; sourceTree = "<group>"; };
		91CDCE2926934A6700F9F293 /* Assets.xcassets */ = {isa = PBXFileReference; lastKnownFileType = folder.assetcatalog; path = Assets.xcassets; sourceTree = "<group>"; };
		91CDCE2C26934A6700F9F293 /* Base */ = {isa = PBXFileReference; lastKnownFileType = file.storyboard; name = Base; path = Base.lproj/LaunchScreen.storyboard; sourceTree = "<group>"; };
		91CDCE2E26934A6700F9F293 /* Info.plist */ = {isa = PBXFileReference; lastKnownFileType = text.plist.xml; path = Info.plist; sourceTree = "<group>"; };
		AB604B7FA22F3498BDBC65CF /* Pods-DependenciesCocoaPods.debug.xcconfig */ = {isa = PBXFileReference; includeInIndex = 1; lastKnownFileType = text.xcconfig; name = "Pods-DependenciesCocoaPods.debug.xcconfig"; path = "Target Support Files/Pods-DependenciesCocoaPods/Pods-DependenciesCocoaPods.debug.xcconfig"; sourceTree = "<group>"; };
/* End PBXFileReference section */

/* Begin PBXFrameworksBuildPhase section */
		91CDCE1A26934A6700F9F293 /* Frameworks */ = {
			isa = PBXFrameworksBuildPhase;
			buildActionMask = 2147483647;
			files = (
				18DCB1B21BD19D60C4C9C187 /* Pods_DependenciesCocoaPods.framework in Frameworks */,
			);
			runOnlyForDeploymentPostprocessing = 0;
		};
/* End PBXFrameworksBuildPhase section */

/* Begin PBXGroup section */
		312FDAC6760984F3866E446D /* Pods */ = {
			isa = PBXGroup;
			children = (
				AB604B7FA22F3498BDBC65CF /* Pods-DependenciesCocoaPods.debug.xcconfig */,
				2048AA29862CAF3F401651F4 /* Pods-DependenciesCocoaPods.release.xcconfig */,
			);
			name = Pods;
			path = Pods;
			sourceTree = "<group>";
		};
		91CDCE1426934A6700F9F293 = {
			isa = PBXGroup;
			children = (
				91CDCE1F26934A6700F9F293 /* DependenciesCocoaPods */,
				91CDCE1E26934A6700F9F293 /* Products */,
				312FDAC6760984F3866E446D /* Pods */,
				A18E978F6A099C7D98BDA0C6 /* Frameworks */,
			);
			sourceTree = "<group>";
		};
		91CDCE1E26934A6700F9F293 /* Products */ = {
			isa = PBXGroup;
			children = (
				91CDCE1D26934A6700F9F293 /* DependenciesCocoaPods.app */,
			);
			name = Products;
			sourceTree = "<group>";
		};
		91CDCE1F26934A6700F9F293 /* DependenciesCocoaPods */ = {
			isa = PBXGroup;
			children = (
				91CDCE2026934A6700F9F293 /* AppDelegate.swift */,
				91CDCE2226934A6700F9F293 /* SceneDelegate.swift */,
				91CDCE2426934A6700F9F293 /* ViewController.swift */,
				91CDCE2626934A6700F9F293 /* Main.storyboard */,
				91CDCE2926934A6700F9F293 /* Assets.xcassets */,
				91CDCE2B26934A6700F9F293 /* LaunchScreen.storyboard */,
				91CDCE2E26934A6700F9F293 /* Info.plist */,
			);
			path = DependenciesCocoaPods;
			sourceTree = "<group>";
		};
		A18E978F6A099C7D98BDA0C6 /* Frameworks */ = {
			isa = PBXGroup;
			children = (
				0945DFCCE4DA7E1E5BF2A426 /* Pods_DependenciesCocoaPods.framework */,
			);
			name = Frameworks;
			sourceTree = "<group>";
		};
/* End PBXGroup section */

/* Begin PBXNativeTarget section */
		91CDCE1C26934A6700F9F293 /* DependenciesCocoaPods */ = {
			isa = PBXNativeTarget;
			buildConfigurationList = 91CDCE3126934A6700F9F293 /* Build configuration list for PBXNativeTarget "DependenciesCocoaPods" */;
			buildPhases = (
				9636DD9699B2305BC89D7190 /* [CP] Check Pods Manifest.lock */,
				91CDCE1926934A6700F9F293 /* Sources */,
				91CDCE1A26934A6700F9F293 /* Frameworks */,
				91CDCE1B26934A6700F9F293 /* Resources */,
				D8862019932F401296E70DB8 /* [CP] Embed Pods Frameworks */,
			);
			buildRules = (
			);
			dependencies = (
			);
			name = DependenciesCocoaPods;
			productName = DependenciesCocoaPods;
			productReference = 91CDCE1D26934A6700F9F293 /* DependenciesCocoaPods.app */;
			productType = "com.apple.product-type.application";
		};
/* End PBXNativeTarget section */

/* Begin PBXProject section */
		91CDCE1526934A6700F9F293 /* Project object */ = {
			isa = PBXProject;
			attributes = {
				LastSwiftUpdateCheck = 1250;
				LastUpgradeCheck = 1250;
				TargetAttributes = {
					91CDCE1C26934A6700F9F293 = {
						CreatedOnToolsVersion = 12.5.1;
					};
				};
			};
			buildConfigurationList = 91CDCE1826934A6700F9F293 /* Build configuration list for PBXProject "DependenciesCocoaPods" */;
			compatibilityVersion = "Xcode 9.3";
			developmentRegion = en;
			hasScannedForEncodings = 0;
			knownRegions = (
				en,
				Base,
			);
			mainGroup = 91CDCE1426934A6700F9F293;
			productRefGroup = 91CDCE1E26934A6700F9F293 /* Products */;
			projectDirPath = "";
			projectRoot = "";
			targets = (
				91CDCE1C26934A6700F9F293 /* DependenciesCocoaPods */,
			);
		};
/* End PBXProject section */

/* Begin PBXResourcesBuildPhase section */
		91CDCE1B26934A6700F9F293 /* Resources */ = {
			isa = PBXResourcesBuildPhase;
			buildActionMask = 2147483647;
			files = (
				91CDCE2D26934A6700F9F293 /* LaunchScreen.storyboard in Resources */,
				91CDCE2A26934A6700F9F293 /* Assets.xcassets in Resources */,
				91CDCE2826934A6700F9F293 /* Main.storyboard in Resources */,
			);
			runOnlyForDeploymentPostprocessing = 0;
		};
/* End PBXResourcesBuildPhase section */

/* Begin PBXShellScriptBuildPhase section */
		9636DD9699B2305BC89D7190 /* [CP] Check Pods Manifest.lock */ = {
			isa = PBXShellScriptBuildPhase;
			buildActionMask = 2147483647;
			files = (
			);
			inputFileListPaths = (
			);
			inputPaths = (
				"${PODS_PODFILE_DIR_PATH}/Podfile.lock",
				"${PODS_ROOT}/Manifest.lock",
			);
			name = "[CP] Check Pods Manifest.lock";
			outputFileListPaths = (
			);
			outputPaths = (
				"$(DERIVED_FILE_DIR)/Pods-DependenciesCocoaPods-checkManifestLockResult.txt",
			);
			runOnlyForDeploymentPostprocessing = 0;
			shellPath = /bin/sh;
			shellScript = "diff \"${PODS_PODFILE_DIR_PATH}/Podfile.lock\" \"${PODS_ROOT}/Manifest.lock\" > /dev/null\nif [ $? != 0 ] ; then\n    # print error to STDERR\n    echo \"error: The sandbox is not in sync with the Podfile.lock. Run 'pod install' or update your CocoaPods installation.\" >&2\n    exit 1\nfi\n# This output is used by Xcode 'outputs' to avoid re-running this script phase.\necho \"SUCCESS\" > \"${SCRIPT_OUTPUT_FILE_0}\"\n";
			showEnvVarsInLog = 0;
		};
		D8862019932F401296E70DB8 /* [CP] Embed Pods Frameworks */ = {
			isa = PBXShellScriptBuildPhase;
			buildActionMask = 2147483647;
			files = (
			);
			inputFileListPaths = (
				"${PODS_ROOT}/Target Support Files/Pods-DependenciesCocoaPods/Pods-DependenciesCocoaPods-frameworks-${CONFIGURATION}-input-files.xcfilelist",
			);
			name = "[CP] Embed Pods Frameworks";
			outputFileListPaths = (
				"${PODS_ROOT}/Target Support Files/Pods-DependenciesCocoaPods/Pods-DependenciesCocoaPods-frameworks-${CONFIGURATION}-output-files.xcfilelist",
			);
			runOnlyForDeploymentPostprocessing = 0;
			shellPath = /bin/sh;
			shellScript = "\"${PODS_ROOT}/Target Support Files/Pods-DependenciesCocoaPods/Pods-DependenciesCocoaPods-frameworks.sh\"\n";
			showEnvVarsInLog = 0;
		};
/* End PBXShellScriptBuildPhase section */

/* Begin PBXSourcesBuildPhase section */
		91CDCE1926934A6700F9F293 /* Sources */ = {
			isa = PBXSourcesBuildPhase;
			buildActionMask = 2147483647;
			files = (
				91CDCE2526934A6700F9F293 /* ViewController.swift in Sources */,
				91CDCE2126934A6700F9F293 /* AppDelegate.swift in Sources */,
				91CDCE2326934A6700F9F293 /* SceneDelegate.swift in Sources */,
			);
			runOnlyForDeploymentPostprocessing = 0;
		};
/* End PBXSourcesBuildPhase section */

/* Begin PBXVariantGroup section */
		91CDCE2626934A6700F9F293 /* Main.storyboard */ = {
			isa = PBXVariantGroup;
			children = (
				91CDCE2726934A6700F9F293 /* Base */,
			);
			name = Main.storyboard;
			sourceTree = "<group>";
		};
		91CDCE2B26934A6700F9F293 /* LaunchScreen.storyboard */ = {
			isa = PBXVariantGroup;
			children = (
				91CDCE2C26934A6700F9F293 /* Base */,
			);
			name = LaunchScreen.storyboard;
			sourceTree = "<group>";
		};
/* End PBXVariantGroup section */

/* Begin XCBuildConfiguration section */
		91CDCE2F26934A6700F9F293 /* Debug */ = {
			isa = XCBuildConfiguration;
			buildSettings = {
				ALWAYS_SEARCH_USER_PATHS = NO;
				CLANG_ANALYZER_NONNULL = YES;
				CLANG_ANALYZER_NUMBER_OBJECT_CONVERSION = YES_AGGRESSIVE;
				CLANG_CXX_LANGUAGE_STANDARD = "gnu++14";
				CLANG_CXX_LIBRARY = "libc++";
				CLANG_ENABLE_MODULES = YES;
				CLANG_ENABLE_OBJC_ARC = YES;
				CLANG_ENABLE_OBJC_WEAK = YES;
				CLANG_WARN_BLOCK_CAPTURE_AUTORELEASING = YES;
				CLANG_WARN_BOOL_CONVERSION = YES;
				CLANG_WARN_COMMA = YES;
				CLANG_WARN_CONSTANT_CONVERSION = YES;
				CLANG_WARN_DEPRECATED_OBJC_IMPLEMENTATIONS = YES;
				CLANG_WARN_DIRECT_OBJC_ISA_USAGE = YES_ERROR;
				CLANG_WARN_DOCUMENTATION_COMMENTS = YES;
				CLANG_WARN_EMPTY_BODY = YES;
				CLANG_WARN_ENUM_CONVERSION = YES;
				CLANG_WARN_INFINITE_RECURSION = YES;
				CLANG_WARN_INT_CONVERSION = YES;
				CLANG_WARN_NON_LITERAL_NULL_CONVERSION = YES;
				CLANG_WARN_OBJC_IMPLICIT_RETAIN_SELF = YES;
				CLANG_WARN_OBJC_LITERAL_CONVERSION = YES;
				CLANG_WARN_OBJC_ROOT_CLASS = YES_ERROR;
				CLANG_WARN_QUOTED_INCLUDE_IN_FRAMEWORK_HEADER = YES;
				CLANG_WARN_RANGE_LOOP_ANALYSIS = YES;
				CLANG_WARN_STRICT_PROTOTYPES = YES;
				CLANG_WARN_SUSPICIOUS_MOVE = YES;
				CLANG_WARN_UNGUARDED_AVAILABILITY = YES_AGGRESSIVE;
				CLANG_WARN_UNREACHABLE_CODE = YES;
				CLANG_WARN__DUPLICATE_METHOD_MATCH = YES;
				COPY_PHASE_STRIP = NO;
				DEBUG_INFORMATION_FORMAT = dwarf;
				ENABLE_STRICT_OBJC_MSGSEND = YES;
				ENABLE_TESTABILITY = YES;
				GCC_C_LANGUAGE_STANDARD = gnu11;
				GCC_DYNAMIC_NO_PIC = NO;
				GCC_NO_COMMON_BLOCKS = YES;
				GCC_OPTIMIZATION_LEVEL = 0;
				GCC_PREPROCESSOR_DEFINITIONS = (
					"DEBUG=1",
					"$(inherited)",
				);
				GCC_WARN_64_TO_32_BIT_CONVERSION = YES;
				GCC_WARN_ABOUT_RETURN_TYPE = YES_ERROR;
				GCC_WARN_UNDECLARED_SELECTOR = YES;
				GCC_WARN_UNINITIALIZED_AUTOS = YES_AGGRESSIVE;
				GCC_WARN_UNUSED_FUNCTION = YES;
				GCC_WARN_UNUSED_VARIABLE = YES;
				IPHONEOS_DEPLOYMENT_TARGET = 14.5;
				MTL_ENABLE_DEBUG_INFO = INCLUDE_SOURCE;
				MTL_FAST_MATH = YES;
				ONLY_ACTIVE_ARCH = YES;
				SDKROOT = iphoneos;
				SWIFT_ACTIVE_COMPILATION_CONDITIONS = DEBUG;
				SWIFT_OPTIMIZATION_LEVEL = "-Onone";
			};
			name = Debug;
		};
		91CDCE3026934A6700F9F293 /* Release */ = {
			isa = XCBuildConfiguration;
			buildSettings = {
				ALWAYS_SEARCH_USER_PATHS = NO;
				CLANG_ANALYZER_NONNULL = YES;
				CLANG_ANALYZER_NUMBER_OBJECT_CONVERSION = YES_AGGRESSIVE;
				CLANG_CXX_LANGUAGE_STANDARD = "gnu++14";
				CLANG_CXX_LIBRARY = "libc++";
				CLANG_ENABLE_MODULES = YES;
				CLANG_ENABLE_OBJC_ARC = YES;
				CLANG_ENABLE_OBJC_WEAK = YES;
				CLANG_WARN_BLOCK_CAPTURE_AUTORELEASING = YES;
				CLANG_WARN_BOOL_CONVERSION = YES;
				CLANG_WARN_COMMA = YES;
				CLANG_WARN_CONSTANT_CONVERSION = YES;
				CLANG_WARN_DEPRECATED_OBJC_IMPLEMENTATIONS = YES;
				CLANG_WARN_DIRECT_OBJC_ISA_USAGE = YES_ERROR;
				CLANG_WARN_DOCUMENTATION_COMMENTS = YES;
				CLANG_WARN_EMPTY_BODY = YES;
				CLANG_WARN_ENUM_CONVERSION = YES;
				CLANG_WARN_INFINITE_RECURSION = YES;
				CLANG_WARN_INT_CONVERSION = YES;
				CLANG_WARN_NON_LITERAL_NULL_CONVERSION = YES;
				CLANG_WARN_OBJC_IMPLICIT_RETAIN_SELF = YES;
				CLANG_WARN_OBJC_LITERAL_CONVERSION = YES;
				CLANG_WARN_OBJC_ROOT_CLASS = YES_ERROR;
				CLANG_WARN_QUOTED_INCLUDE_IN_FRAMEWORK_HEADER = YES;
				CLANG_WARN_RANGE_LOOP_ANALYSIS = YES;
				CLANG_WARN_STRICT_PROTOTYPES = YES;
				CLANG_WARN_SUSPICIOUS_MOVE = YES;
				CLANG_WARN_UNGUARDED_AVAILABILITY = YES_AGGRESSIVE;
				CLANG_WARN_UNREACHABLE_CODE = YES;
				CLANG_WARN__DUPLICATE_METHOD_MATCH = YES;
				COPY_PHASE_STRIP = NO;
				DEBUG_INFORMATION_FORMAT = "dwarf-with-dsym";
				ENABLE_NS_ASSERTIONS = NO;
				ENABLE_STRICT_OBJC_MSGSEND = YES;
				GCC_C_LANGUAGE_STANDARD = gnu11;
				GCC_NO_COMMON_BLOCKS = YES;
				GCC_WARN_64_TO_32_BIT_CONVERSION = YES;
				GCC_WARN_ABOUT_RETURN_TYPE = YES_ERROR;
				GCC_WARN_UNDECLARED_SELECTOR = YES;
				GCC_WARN_UNINITIALIZED_AUTOS = YES_AGGRESSIVE;
				GCC_WARN_UNUSED_FUNCTION = YES;
				GCC_WARN_UNUSED_VARIABLE = YES;
				IPHONEOS_DEPLOYMENT_TARGET = 14.5;
				MTL_ENABLE_DEBUG_INFO = NO;
				MTL_FAST_MATH = YES;
				SDKROOT = iphoneos;
				SWIFT_COMPILATION_MODE = wholemodule;
				SWIFT_OPTIMIZATION_LEVEL = "-O";
				VALIDATE_PRODUCT = YES;
			};
			name = Release;
		};
		91CDCE3226934A6700F9F293 /* Debug */ = {
			isa = XCBuildConfiguration;
			baseConfigurationReference = AB604B7FA22F3498BDBC65CF /* Pods-DependenciesCocoaPods.debug.xcconfig */;
			buildSettings = {
				ASSETCATALOG_COMPILER_APPICON_NAME = AppIcon;
				ASSETCATALOG_COMPILER_GLOBAL_ACCENT_COLOR_NAME = AccentColor;
				CODE_SIGN_STYLE = Automatic;
				INFOPLIST_FILE = DependenciesCocoaPods/Info.plist;
				LD_RUNPATH_SEARCH_PATHS = (
					"$(inherited)",
					"@executable_path/Frameworks",
				);
				PRODUCT_BUNDLE_IDENTIFIER = Zup.DependenciesCocoaPods;
				PRODUCT_NAME = "$(TARGET_NAME)";
				SWIFT_VERSION = 5.0;
				TARGETED_DEVICE_FAMILY = "1,2";
			};
			name = Debug;
		};
		91CDCE3326934A6700F9F293 /* Release */ = {
			isa = XCBuildConfiguration;
			baseConfigurationReference = 2048AA29862CAF3F401651F4 /* Pods-DependenciesCocoaPods.release.xcconfig */;
			buildSettings = {
				ASSETCATALOG_COMPILER_APPICON_NAME = AppIcon;
				ASSETCATALOG_COMPILER_GLOBAL_ACCENT_COLOR_NAME = AccentColor;
				CODE_SIGN_STYLE = Automatic;
				INFOPLIST_FILE = DependenciesCocoaPods/Info.plist;
				LD_RUNPATH_SEARCH_PATHS = (
					"$(inherited)",
					"@executable_path/Frameworks",
				);
				PRODUCT_BUNDLE_IDENTIFIER = Zup.DependenciesCocoaPods;
				PRODUCT_NAME = "$(TARGET_NAME)";
				SWIFT_VERSION = 5.0;
				TARGETED_DEVICE_FAMILY = "1,2";
			};
			name = Release;
		};
/* End XCBuildConfiguration section */

/* Begin XCConfigurationList section */
		91CDCE1826934A6700F9F293 /* Build configuration list for PBXProject "DependenciesCocoaPods" */ = {
			isa = XCConfigurationList;
			buildConfigurations = (
				91CDCE2F26934A6700F9F293 /* Debug */,
				91CDCE3026934A6700F9F293 /* Release */,
			);
			defaultConfigurationIsVisible = 0;
			defaultConfigurationName = Release;
		};
		91CDCE3126934A6700F9F293 /* Build configuration list for PBXNativeTarget "DependenciesCocoaPods" */ = {
			isa = XCConfigurationList;
			buildConfigurations = (
				91CDCE3226934A6700F9F293 /* Debug */,
				91CDCE3326934A6700F9F293 /* Release */,
			);
			defaultConfigurationIsVisible = 0;
			defaultConfigurationName = Release;
		};
/* End XCConfigurationList section */
	};
	rootObject = 91CDCE1526934A6700F9F293 /* Project object */;
}
